
Microsoft Visual Studio Solution File, Format Version 12.00
# Visual Studio Version 17
VisualStudioVersion = 17.10.35013.160
MinimumVisualStudioVersion = 10.0.40219.1
Project("{FAE04EC0-301F-11D3-BF4B-00C04F79EFBC}") = "TSI_Monitor", "TSI_Monitor.csproj", "{FB50D0DB-66EF-478C-8DC5-8052DABB5FA5}"
EndProject
Global
	GlobalSection(SolutionConfigurationPlatforms) = preSolution
		Debug|Any CPU = Debug|Any CPU
		Release|Any CPU = Release|Any CPU
	EndGlobalSection
	GlobalSection(ProjectConfigurationPlatforms) = postSolution
		{FB50D0DB-66EF-478C-8DC5-8052DABB5FA5}.Debug|Any CPU.ActiveCfg = Debug|Any CPU
		{FB50D0DB-66EF-478C-8DC5-8052DABB5FA5}.Debug|Any CPU.Build.0 = Debug|Any CPU
		{FB50D0DB-66EF-478C-8DC5-8052DABB5FA5}.Release|Any CPU.ActiveCfg = Release|Any CPU
		{FB50D0DB-66EF-478C-8DC5-8052DABB5FA5}.Release|Any CPU.Build.0 = Release|Any CPU
	EndGlobalSection
	GlobalSection(SolutionProperties) = preSolution
		HideSolutionNode = FALSE
	EndGlobalSection
	GlobalSection(ExtensibilityGlobals) = postSolution
		SolutionGuid = {FBFDBE73-84D4-4E5C-8A30-70F744B4FFE7}
	EndGlobalSection
EndGlobal
